// !$*UTF8*$!
{
	archiveVersion = 1;
	classes = {
	};
	objectVersion = 50;
	objects = {

/* Begin PBXBuildFile section */
		1BDCD8A402E8E847326AB38C /* Pods_Point_And_Shoot.framework in Frameworks */ = {isa = PBXBuildFile; fileRef = 1858D1C8764ECB4BF59EE725 /* Pods_Point_And_Shoot.framework */; };
		7B466E817E84DBEF71C73855 /* Pods_Point_And_ShootUITests.framework in Frameworks */ = {isa = PBXBuildFile; fileRef = 3C300D21C5D33E652114CC59 /* Pods_Point_And_ShootUITests.framework */; };
		884EE6163E7FE31BA7F019E1 /* Pods_Point_And_ShootTests.framework in Frameworks */ = {isa = PBXBuildFile; fileRef = 24D853A8B7B6DCD94F882B61 /* Pods_Point_And_ShootTests.framework */; };
		9B09583F21BA98600088B6EA /* BwRoll.png in Resources */ = {isa = PBXBuildFile; fileRef = 9B09583E21BA98600088B6EA /* BwRoll.png */; };
		9B09584321BAA1200088B6EA /* ColorFilm.png in Resources */ = {isa = PBXBuildFile; fileRef = 9B09584221BAA1200088B6EA /* ColorFilm.png */; };
		9B09584521BE93360088B6EA /* ChoosingFilmVC.swift in Sources */ = {isa = PBXBuildFile; fileRef = 9B09584421BE93360088B6EA /* ChoosingFilmVC.swift */; };
		9B633A2221A7723400E37254 /* Button.png in Resources */ = {isa = PBXBuildFile; fileRef = 9B633A2121A7723300E37254 /* Button.png */; };
		9B633A2421A7723B00E37254 /* Film-Hatch.png in Resources */ = {isa = PBXBuildFile; fileRef = 9B633A2321A7723B00E37254 /* Film-Hatch.png */; };
		9B633A2621A77AF600E37254 /* GoogleService-Info.plist in Resources */ = {isa = PBXBuildFile; fileRef = 9B633A2521A77AF600E37254 /* GoogleService-Info.plist */; };
		9B7B03E721A782AD003A1CD4 /* Film.swift in Sources */ = {isa = PBXBuildFile; fileRef = 9B7B03E621A782AD003A1CD4 /* Film.swift */; };
		9B7B03E921A782C1003A1CD4 /* Picture.swift in Sources */ = {isa = PBXBuildFile; fileRef = 9B7B03E821A782C1003A1CD4 /* Picture.swift */; };
		9BAF718D219EE57100750EF3 /* AppDelegate.swift in Sources */ = {isa = PBXBuildFile; fileRef = 9BAF718C219EE57100750EF3 /* AppDelegate.swift */; };
		9BAF718F219EE57100750EF3 /* CameraVC.swift in Sources */ = {isa = PBXBuildFile; fileRef = 9BAF718E219EE57100750EF3 /* CameraVC.swift */; };
		9BAF7192219EE57100750EF3 /* Main.storyboard in Resources */ = {isa = PBXBuildFile; fileRef = 9BAF7190219EE57100750EF3 /* Main.storyboard */; };
		9BAF7194219EE57700750EF3 /* Assets.xcassets in Resources */ = {isa = PBXBuildFile; fileRef = 9BAF7193219EE57700750EF3 /* Assets.xcassets */; };
		9BAF7197219EE57700750EF3 /* LaunchScreen.storyboard in Resources */ = {isa = PBXBuildFile; fileRef = 9BAF7195219EE57700750EF3 /* LaunchScreen.storyboard */; };
		9BAF71A2219EE57700750EF3 /* Point_And_ShootTests.swift in Sources */ = {isa = PBXBuildFile; fileRef = 9BAF71A1219EE57700750EF3 /* Point_And_ShootTests.swift */; };
		9BAF71AD219EE57800750EF3 /* Point_And_ShootUITests.swift in Sources */ = {isa = PBXBuildFile; fileRef = 9BAF71AC219EE57800750EF3 /* Point_And_ShootUITests.swift */; };
		9BAF71BB219F021800750EF3 /* Body1.png in Resources */ = {isa = PBXBuildFile; fileRef = 9BAF71BA219F021700750EF3 /* Body1.png */; };
		9BB3140821CD019500697960 /* ImageTools.swift in Sources */ = {isa = PBXBuildFile; fileRef = 9BB3140721CD019500697960 /* ImageTools.swift */; };
		9BB3140A21CD245100697960 /* RoundCornersWithBorder.swift in Sources */ = {isa = PBXBuildFile; fileRef = 9BB3140921CD245100697960 /* RoundCornersWithBorder.swift */; };
		9BB3140C21CD32B500697960 /* HatchStyling.swift in Sources */ = {isa = PBXBuildFile; fileRef = 9BB3140B21CD32B500697960 /* HatchStyling.swift */; };
		9BF7DAC921C2A0E3005941F2 /* Constants.swift in Sources */ = {isa = PBXBuildFile; fileRef = 9BF7DAC821C2A0E3005941F2 /* Constants.swift */; };
/* End PBXBuildFile section */

/* Begin PBXContainerItemProxy section */
		9BAF719E219EE57700750EF3 /* PBXContainerItemProxy */ = {
			isa = PBXContainerItemProxy;
			containerPortal = 9BAF7181219EE57100750EF3 /* Project object */;
			proxyType = 1;
			remoteGlobalIDString = 9BAF7188219EE57100750EF3;
			remoteInfo = "Point-And-Shoot";
		};
		9BAF71A9219EE57800750EF3 /* PBXContainerItemProxy */ = {
			isa = PBXContainerItemProxy;
			containerPortal = 9BAF7181219EE57100750EF3 /* Project object */;
			proxyType = 1;
			remoteGlobalIDString = 9BAF7188219EE57100750EF3;
			remoteInfo = "Point-And-Shoot";
		};
/* End PBXContainerItemProxy section */

/* Begin PBXFileReference section */
		1858D1C8764ECB4BF59EE725 /* Pods_Point_And_Shoot.framework */ = {isa = PBXFileReference; explicitFileType = wrapper.framework; includeInIndex = 0; path = Pods_Point_And_Shoot.framework; sourceTree = BUILT_PRODUCTS_DIR; };
		24D853A8B7B6DCD94F882B61 /* Pods_Point_And_ShootTests.framework */ = {isa = PBXFileReference; explicitFileType = wrapper.framework; includeInIndex = 0; path = Pods_Point_And_ShootTests.framework; sourceTree = BUILT_PRODUCTS_DIR; };
		3C300D21C5D33E652114CC59 /* Pods_Point_And_ShootUITests.framework */ = {isa = PBXFileReference; explicitFileType = wrapper.framework; includeInIndex = 0; path = Pods_Point_And_ShootUITests.framework; sourceTree = BUILT_PRODUCTS_DIR; };
		6F4253C34361E75237868798 /* Pods-Point-And-ShootUITests.release.xcconfig */ = {isa = PBXFileReference; includeInIndex = 1; lastKnownFileType = text.xcconfig; name = "Pods-Point-And-ShootUITests.release.xcconfig"; path = "Pods/Target Support Files/Pods-Point-And-ShootUITests/Pods-Point-And-ShootUITests.release.xcconfig"; sourceTree = "<group>"; };
		71ABB8A5B0F830A232FC17E3 /* Pods-Point-And-ShootTests.release.xcconfig */ = {isa = PBXFileReference; includeInIndex = 1; lastKnownFileType = text.xcconfig; name = "Pods-Point-And-ShootTests.release.xcconfig"; path = "Pods/Target Support Files/Pods-Point-And-ShootTests/Pods-Point-And-ShootTests.release.xcconfig"; sourceTree = "<group>"; };
		82EA0BF4218AB6FED32430A6 /* Pods-Point-And-ShootTests.debug.xcconfig */ = {isa = PBXFileReference; includeInIndex = 1; lastKnownFileType = text.xcconfig; name = "Pods-Point-And-ShootTests.debug.xcconfig"; path = "Pods/Target Support Files/Pods-Point-And-ShootTests/Pods-Point-And-ShootTests.debug.xcconfig"; sourceTree = "<group>"; };
		9B09583E21BA98600088B6EA /* BwRoll.png */ = {isa = PBXFileReference; lastKnownFileType = image.png; path = BwRoll.png; sourceTree = "<group>"; };
		9B09584221BAA1200088B6EA /* ColorFilm.png */ = {isa = PBXFileReference; lastKnownFileType = image.png; path = ColorFilm.png; sourceTree = "<group>"; };
		9B09584421BE93360088B6EA /* ChoosingFilmVC.swift */ = {isa = PBXFileReference; lastKnownFileType = sourcecode.swift; path = ChoosingFilmVC.swift; sourceTree = "<group>"; };
		9B633A2121A7723300E37254 /* Button.png */ = {isa = PBXFileReference; lastKnownFileType = image.png; path = Button.png; sourceTree = "<group>"; };
		9B633A2321A7723B00E37254 /* Film-Hatch.png */ = {isa = PBXFileReference; lastKnownFileType = image.png; path = "Film-Hatch.png"; sourceTree = "<group>"; };
		9B633A2521A77AF600E37254 /* GoogleService-Info.plist */ = {isa = PBXFileReference; fileEncoding = 4; lastKnownFileType = text.plist.xml; path = "GoogleService-Info.plist"; sourceTree = "<group>"; };
		9B7B03E621A782AD003A1CD4 /* Film.swift */ = {isa = PBXFileReference; lastKnownFileType = sourcecode.swift; path = Film.swift; sourceTree = "<group>"; };
		9B7B03E821A782C1003A1CD4 /* Picture.swift */ = {isa = PBXFileReference; lastKnownFileType = sourcecode.swift; path = Picture.swift; sourceTree = "<group>"; };
		9BAF7189219EE57100750EF3 /* Point-And-Shoot.app */ = {isa = PBXFileReference; explicitFileType = wrapper.application; includeInIndex = 0; path = "Point-And-Shoot.app"; sourceTree = BUILT_PRODUCTS_DIR; };
		9BAF718C219EE57100750EF3 /* AppDelegate.swift */ = {isa = PBXFileReference; lastKnownFileType = sourcecode.swift; path = AppDelegate.swift; sourceTree = "<group>"; };
		9BAF718E219EE57100750EF3 /* CameraVC.swift */ = {isa = PBXFileReference; lastKnownFileType = sourcecode.swift; path = CameraVC.swift; sourceTree = "<group>"; };
		9BAF7191219EE57100750EF3 /* Base */ = {isa = PBXFileReference; lastKnownFileType = file.storyboard; name = Base; path = Base.lproj/Main.storyboard; sourceTree = "<group>"; };
		9BAF7193219EE57700750EF3 /* Assets.xcassets */ = {isa = PBXFileReference; lastKnownFileType = folder.assetcatalog; path = Assets.xcassets; sourceTree = "<group>"; };
		9BAF7196219EE57700750EF3 /* Base */ = {isa = PBXFileReference; lastKnownFileType = file.storyboard; name = Base; path = Base.lproj/LaunchScreen.storyboard; sourceTree = "<group>"; };
		9BAF7198219EE57700750EF3 /* Info.plist */ = {isa = PBXFileReference; lastKnownFileType = text.plist.xml; path = Info.plist; sourceTree = "<group>"; };
		9BAF719D219EE57700750EF3 /* Point-And-ShootTests.xctest */ = {isa = PBXFileReference; explicitFileType = wrapper.cfbundle; includeInIndex = 0; path = "Point-And-ShootTests.xctest"; sourceTree = BUILT_PRODUCTS_DIR; };
		9BAF71A1219EE57700750EF3 /* Point_And_ShootTests.swift */ = {isa = PBXFileReference; lastKnownFileType = sourcecode.swift; path = Point_And_ShootTests.swift; sourceTree = "<group>"; };
		9BAF71A3219EE57700750EF3 /* Info.plist */ = {isa = PBXFileReference; lastKnownFileType = text.plist.xml; path = Info.plist; sourceTree = "<group>"; };
		9BAF71A8219EE57800750EF3 /* Point-And-ShootUITests.xctest */ = {isa = PBXFileReference; explicitFileType = wrapper.cfbundle; includeInIndex = 0; path = "Point-And-ShootUITests.xctest"; sourceTree = BUILT_PRODUCTS_DIR; };
		9BAF71AC219EE57800750EF3 /* Point_And_ShootUITests.swift */ = {isa = PBXFileReference; lastKnownFileType = sourcecode.swift; path = Point_And_ShootUITests.swift; sourceTree = "<group>"; };
		9BAF71AE219EE57800750EF3 /* Info.plist */ = {isa = PBXFileReference; lastKnownFileType = text.plist.xml; path = Info.plist; sourceTree = "<group>"; };
		9BAF71BA219F021700750EF3 /* Body1.png */ = {isa = PBXFileReference; lastKnownFileType = image.png; path = Body1.png; sourceTree = "<group>"; };
		9BB3140721CD019500697960 /* ImageTools.swift */ = {isa = PBXFileReference; lastKnownFileType = sourcecode.swift; path = ImageTools.swift; sourceTree = "<group>"; };
		9BB3140921CD245100697960 /* RoundCornersWithBorder.swift */ = {isa = PBXFileReference; lastKnownFileType = sourcecode.swift; path = RoundCornersWithBorder.swift; sourceTree = "<group>"; };
		9BB3140B21CD32B500697960 /* HatchStyling.swift */ = {isa = PBXFileReference; lastKnownFileType = sourcecode.swift; path = HatchStyling.swift; sourceTree = "<group>"; };
		9BF7DAC821C2A0E3005941F2 /* Constants.swift */ = {isa = PBXFileReference; lastKnownFileType = sourcecode.swift; path = Constants.swift; sourceTree = "<group>"; };
		B83EE5FC721D6F2E41FB9530 /* Pods-Point-And-ShootUITests.debug.xcconfig */ = {isa = PBXFileReference; includeInIndex = 1; lastKnownFileType = text.xcconfig; name = "Pods-Point-And-ShootUITests.debug.xcconfig"; path = "Pods/Target Support Files/Pods-Point-And-ShootUITests/Pods-Point-And-ShootUITests.debug.xcconfig"; sourceTree = "<group>"; };
		BFD2B18A16FF647FCA2FCC0D /* Pods-Point-And-Shoot.release.xcconfig */ = {isa = PBXFileReference; includeInIndex = 1; lastKnownFileType = text.xcconfig; name = "Pods-Point-And-Shoot.release.xcconfig"; path = "Pods/Target Support Files/Pods-Point-And-Shoot/Pods-Point-And-Shoot.release.xcconfig"; sourceTree = "<group>"; };
		D071CBFC98481CD9D8CD4F70 /* Pods-Point-And-Shoot.debug.xcconfig */ = {isa = PBXFileReference; includeInIndex = 1; lastKnownFileType = text.xcconfig; name = "Pods-Point-And-Shoot.debug.xcconfig"; path = "Pods/Target Support Files/Pods-Point-And-Shoot/Pods-Point-And-Shoot.debug.xcconfig"; sourceTree = "<group>"; };
/* End PBXFileReference section */

/* Begin PBXFrameworksBuildPhase section */
		9BAF7186219EE57100750EF3 /* Frameworks */ = {
			isa = PBXFrameworksBuildPhase;
			buildActionMask = 2147483647;
			files = (
				1BDCD8A402E8E847326AB38C /* Pods_Point_And_Shoot.framework in Frameworks */,
			);
			runOnlyForDeploymentPostprocessing = 0;
		};
		9BAF719A219EE57700750EF3 /* Frameworks */ = {
			isa = PBXFrameworksBuildPhase;
			buildActionMask = 2147483647;
			files = (
				884EE6163E7FE31BA7F019E1 /* Pods_Point_And_ShootTests.framework in Frameworks */,
			);
			runOnlyForDeploymentPostprocessing = 0;
		};
		9BAF71A5219EE57800750EF3 /* Frameworks */ = {
			isa = PBXFrameworksBuildPhase;
			buildActionMask = 2147483647;
			files = (
				7B466E817E84DBEF71C73855 /* Pods_Point_And_ShootUITests.framework in Frameworks */,
			);
			runOnlyForDeploymentPostprocessing = 0;
		};
/* End PBXFrameworksBuildPhase section */

/* Begin PBXGroup section */
		9B28A79121A6B859009FB3CD /* Images */ = {
			isa = PBXGroup;
			children = (
				9B09583E21BA98600088B6EA /* BwRoll.png */,
				9B09584221BAA1200088B6EA /* ColorFilm.png */,
				9BAF71BA219F021700750EF3 /* Body1.png */,
				9B633A2121A7723300E37254 /* Button.png */,
				9B633A2321A7723B00E37254 /* Film-Hatch.png */,
			);
			path = Images;
			sourceTree = "<group>";
		};
		9B28A79321A6B8E2009FB3CD /* View */ = {
			isa = PBXGroup;
			children = (
				9BAF7190219EE57100750EF3 /* Main.storyboard */,
				9BAF7195219EE57700750EF3 /* LaunchScreen.storyboard */,
				9BB3140921CD245100697960 /* RoundCornersWithBorder.swift */,
				9BB3140B21CD32B500697960 /* HatchStyling.swift */,
			);
			path = View;
			sourceTree = "<group>";
		};
		9B28A79421A6B8F4009FB3CD /* Controller */ = {
			isa = PBXGroup;
			children = (
				9BAF718C219EE57100750EF3 /* AppDelegate.swift */,
				9BAF718E219EE57100750EF3 /* CameraVC.swift */,
				9B09584421BE93360088B6EA /* ChoosingFilmVC.swift */,
				9BB3140721CD019500697960 /* ImageTools.swift */,
			);
			path = Controller;
			sourceTree = "<group>";
		};
		9B7B03E521A7822C003A1CD4 /* Model */ = {
			isa = PBXGroup;
			children = (
				9B7B03E621A782AD003A1CD4 /* Film.swift */,
				9B7B03E821A782C1003A1CD4 /* Picture.swift */,
				9BF7DAC821C2A0E3005941F2 /* Constants.swift */,
			);
			path = Model;
			sourceTree = "<group>";
		};
		9BAF7180219EE57100750EF3 = {
			isa = PBXGroup;
			children = (
				9BAF718B219EE57100750EF3 /* Point-And-Shoot */,
				9BAF71A0219EE57700750EF3 /* Point-And-ShootTests */,
				9BAF71AB219EE57800750EF3 /* Point-And-ShootUITests */,
				9BAF718A219EE57100750EF3 /* Products */,
				D8CC6558FF5C29ACBEC6D6D5 /* Pods */,
				F416BF37D45AA25F90E3652E /* Frameworks */,
			);
			sourceTree = "<group>";
		};
		9BAF718A219EE57100750EF3 /* Products */ = {
			isa = PBXGroup;
			children = (
				9BAF7189219EE57100750EF3 /* Point-And-Shoot.app */,
				9BAF719D219EE57700750EF3 /* Point-And-ShootTests.xctest */,
				9BAF71A8219EE57800750EF3 /* Point-And-ShootUITests.xctest */,
			);
			name = Products;
			sourceTree = "<group>";
		};
		9BAF718B219EE57100750EF3 /* Point-And-Shoot */ = {
			isa = PBXGroup;
			children = (
				9B28A79421A6B8F4009FB3CD /* Controller */,
				9B28A79321A6B8E2009FB3CD /* View */,
				9B7B03E521A7822C003A1CD4 /* Model */,
				9B28A79121A6B859009FB3CD /* Images */,
				9BAF7193219EE57700750EF3 /* Assets.xcassets */,
				9BAF7198219EE57700750EF3 /* Info.plist */,
				9B633A2521A77AF600E37254 /* GoogleService-Info.plist */,
			);
			path = "Point-And-Shoot";
			sourceTree = "<group>";
		};
		9BAF71A0219EE57700750EF3 /* Point-And-ShootTests */ = {
			isa = PBXGroup;
			children = (
				9BAF71A1219EE57700750EF3 /* Point_And_ShootTests.swift */,
				9BAF71A3219EE57700750EF3 /* Info.plist */,
			);
			path = "Point-And-ShootTests";
			sourceTree = "<group>";
		};
		9BAF71AB219EE57800750EF3 /* Point-And-ShootUITests */ = {
			isa = PBXGroup;
			children = (
				9BAF71AC219EE57800750EF3 /* Point_And_ShootUITests.swift */,
				9BAF71AE219EE57800750EF3 /* Info.plist */,
			);
			path = "Point-And-ShootUITests";
			sourceTree = "<group>";
		};
		D8CC6558FF5C29ACBEC6D6D5 /* Pods */ = {
			isa = PBXGroup;
			children = (
				D071CBFC98481CD9D8CD4F70 /* Pods-Point-And-Shoot.debug.xcconfig */,
				BFD2B18A16FF647FCA2FCC0D /* Pods-Point-And-Shoot.release.xcconfig */,
				82EA0BF4218AB6FED32430A6 /* Pods-Point-And-ShootTests.debug.xcconfig */,
				71ABB8A5B0F830A232FC17E3 /* Pods-Point-And-ShootTests.release.xcconfig */,
				B83EE5FC721D6F2E41FB9530 /* Pods-Point-And-ShootUITests.debug.xcconfig */,
				6F4253C34361E75237868798 /* Pods-Point-And-ShootUITests.release.xcconfig */,
			);
			name = Pods;
			sourceTree = "<group>";
		};
		F416BF37D45AA25F90E3652E /* Frameworks */ = {
			isa = PBXGroup;
			children = (
				1858D1C8764ECB4BF59EE725 /* Pods_Point_And_Shoot.framework */,
				24D853A8B7B6DCD94F882B61 /* Pods_Point_And_ShootTests.framework */,
				3C300D21C5D33E652114CC59 /* Pods_Point_And_ShootUITests.framework */,
			);
			name = Frameworks;
			sourceTree = "<group>";
		};
/* End PBXGroup section */

/* Begin PBXNativeTarget section */
		9BAF7188219EE57100750EF3 /* Point-And-Shoot */ = {
			isa = PBXNativeTarget;
			buildConfigurationList = 9BAF71B1219EE57800750EF3 /* Build configuration list for PBXNativeTarget "Point-And-Shoot" */;
			buildPhases = (
				0FBB4D757AFB172B3336C451 /* [CP] Check Pods Manifest.lock */,
				9BAF7185219EE57100750EF3 /* Sources */,
				9BAF7186219EE57100750EF3 /* Frameworks */,
				9BAF7187219EE57100750EF3 /* Resources */,
				AE9717E4989A34F905063C89 /* [CP] Embed Pods Frameworks */,
				47839D1037C490FDC9483728 /* [CP] Copy Pods Resources */,
			);
			buildRules = (
			);
			dependencies = (
			);
			name = "Point-And-Shoot";
			productName = "Point-And-Shoot";
			productReference = 9BAF7189219EE57100750EF3 /* Point-And-Shoot.app */;
			productType = "com.apple.product-type.application";
		};
		9BAF719C219EE57700750EF3 /* Point-And-ShootTests */ = {
			isa = PBXNativeTarget;
			buildConfigurationList = 9BAF71B4219EE57800750EF3 /* Build configuration list for PBXNativeTarget "Point-And-ShootTests" */;
			buildPhases = (
				7A9B2C7B204520E0DA96A2C9 /* [CP] Check Pods Manifest.lock */,
				9BAF7199219EE57700750EF3 /* Sources */,
				9BAF719A219EE57700750EF3 /* Frameworks */,
				9BAF719B219EE57700750EF3 /* Resources */,
				C66C7AF31F26F66BBC3D525D /* [CP] Embed Pods Frameworks */,
				7FBDC968384D90C9AFF95C50 /* [CP] Copy Pods Resources */,
			);
			buildRules = (
			);
			dependencies = (
				9BAF719F219EE57700750EF3 /* PBXTargetDependency */,
			);
			name = "Point-And-ShootTests";
			productName = "Point-And-ShootTests";
			productReference = 9BAF719D219EE57700750EF3 /* Point-And-ShootTests.xctest */;
			productType = "com.apple.product-type.bundle.unit-test";
		};
		9BAF71A7219EE57800750EF3 /* Point-And-ShootUITests */ = {
			isa = PBXNativeTarget;
			buildConfigurationList = 9BAF71B7219EE57800750EF3 /* Build configuration list for PBXNativeTarget "Point-And-ShootUITests" */;
			buildPhases = (
				DEBB07847009BFA12492E954 /* [CP] Check Pods Manifest.lock */,
				9BAF71A4219EE57800750EF3 /* Sources */,
				9BAF71A5219EE57800750EF3 /* Frameworks */,
				9BAF71A6219EE57800750EF3 /* Resources */,
				0DBA59A0410C47B0982F5816 /* [CP] Embed Pods Frameworks */,
				61BFC6DB3CE60CFEB05EDF5B /* [CP] Copy Pods Resources */,
			);
			buildRules = (
			);
			dependencies = (
				9BAF71AA219EE57800750EF3 /* PBXTargetDependency */,
			);
			name = "Point-And-ShootUITests";
			productName = "Point-And-ShootUITests";
			productReference = 9BAF71A8219EE57800750EF3 /* Point-And-ShootUITests.xctest */;
			productType = "com.apple.product-type.bundle.ui-testing";
		};
/* End PBXNativeTarget section */

/* Begin PBXProject section */
		9BAF7181219EE57100750EF3 /* Project object */ = {
			isa = PBXProject;
			attributes = {
				LastSwiftUpdateCheck = 1010;
				LastUpgradeCheck = 1010;
				ORGANIZATIONNAME = "Erik Hede";
				TargetAttributes = {
					9BAF7188219EE57100750EF3 = {
						CreatedOnToolsVersion = 10.1;
					};
					9BAF719C219EE57700750EF3 = {
						CreatedOnToolsVersion = 10.1;
						TestTargetID = 9BAF7188219EE57100750EF3;
					};
					9BAF71A7219EE57800750EF3 = {
						CreatedOnToolsVersion = 10.1;
						TestTargetID = 9BAF7188219EE57100750EF3;
					};
				};
			};
			buildConfigurationList = 9BAF7184219EE57100750EF3 /* Build configuration list for PBXProject "Point-And-Shoot" */;
			compatibilityVersion = "Xcode 9.3";
			developmentRegion = en;
			hasScannedForEncodings = 0;
			knownRegions = (
				en,
				Base,
			);
			mainGroup = 9BAF7180219EE57100750EF3;
			productRefGroup = 9BAF718A219EE57100750EF3 /* Products */;
			projectDirPath = "";
			projectRoot = "";
			targets = (
				9BAF7188219EE57100750EF3 /* Point-And-Shoot */,
				9BAF719C219EE57700750EF3 /* Point-And-ShootTests */,
				9BAF71A7219EE57800750EF3 /* Point-And-ShootUITests */,
			);
		};
/* End PBXProject section */

/* Begin PBXResourcesBuildPhase section */
		9BAF7187219EE57100750EF3 /* Resources */ = {
			isa = PBXResourcesBuildPhase;
			buildActionMask = 2147483647;
			files = (
				9B633A2221A7723400E37254 /* Button.png in Resources */,
				9BAF7197219EE57700750EF3 /* LaunchScreen.storyboard in Resources */,
				9BAF7194219EE57700750EF3 /* Assets.xcassets in Resources */,
				9BAF7192219EE57100750EF3 /* Main.storyboard in Resources */,
				9B633A2421A7723B00E37254 /* Film-Hatch.png in Resources */,
				9BAF71BB219F021800750EF3 /* Body1.png in Resources */,
				9B633A2621A77AF600E37254 /* GoogleService-Info.plist in Resources */,
				9B09583F21BA98600088B6EA /* BwRoll.png in Resources */,
				9B09584321BAA1200088B6EA /* ColorFilm.png in Resources */,
			);
			runOnlyForDeploymentPostprocessing = 0;
		};
		9BAF719B219EE57700750EF3 /* Resources */ = {
			isa = PBXResourcesBuildPhase;
			buildActionMask = 2147483647;
			files = (
			);
			runOnlyForDeploymentPostprocessing = 0;
		};
		9BAF71A6219EE57800750EF3 /* Resources */ = {
			isa = PBXResourcesBuildPhase;
			buildActionMask = 2147483647;
			files = (
			);
			runOnlyForDeploymentPostprocessing = 0;
		};
/* End PBXResourcesBuildPhase section */

/* Begin PBXShellScriptBuildPhase section */
		0DBA59A0410C47B0982F5816 /* [CP] Embed Pods Frameworks */ = {
			isa = PBXShellScriptBuildPhase;
			buildActionMask = 2147483647;
			files = (
			);
			inputPaths = (
			);
			name = "[CP] Embed Pods Frameworks";
			outputPaths = (
			);
			runOnlyForDeploymentPostprocessing = 0;
			shellPath = /bin/sh;
			shellScript = "\"${SRCROOT}/Pods/Target Support Files/Pods-Point-And-ShootUITests/Pods-Point-And-ShootUITests-frameworks.sh\"\n";
			showEnvVarsInLog = 0;
		};
		0FBB4D757AFB172B3336C451 /* [CP] Check Pods Manifest.lock */ = {
			isa = PBXShellScriptBuildPhase;
			buildActionMask = 2147483647;
			files = (
			);
			inputPaths = (
				"${PODS_PODFILE_DIR_PATH}/Podfile.lock",
				"${PODS_ROOT}/Manifest.lock",
			);
			name = "[CP] Check Pods Manifest.lock";
			outputPaths = (
				"$(DERIVED_FILE_DIR)/Pods-Point-And-Shoot-checkManifestLockResult.txt",
			);
			runOnlyForDeploymentPostprocessing = 0;
			shellPath = /bin/sh;
			shellScript = "diff \"${PODS_PODFILE_DIR_PATH}/Podfile.lock\" \"${PODS_ROOT}/Manifest.lock\" > /dev/null\nif [ $? != 0 ] ; then\n    # print error to STDERR\n    echo \"error: The sandbox is not in sync with the Podfile.lock. Run 'pod install' or update your CocoaPods installation.\" >&2\n    exit 1\nfi\n# This output is used by Xcode 'outputs' to avoid re-running this script phase.\necho \"SUCCESS\" > \"${SCRIPT_OUTPUT_FILE_0}\"\n";
			showEnvVarsInLog = 0;
		};
		47839D1037C490FDC9483728 /* [CP] Copy Pods Resources */ = {
			isa = PBXShellScriptBuildPhase;
			buildActionMask = 2147483647;
			files = (
			);
			inputPaths = (
			);
			name = "[CP] Copy Pods Resources";
			outputPaths = (
			);
			runOnlyForDeploymentPostprocessing = 0;
			shellPath = /bin/sh;
			shellScript = "\"${SRCROOT}/Pods/Target Support Files/Pods-Point-And-Shoot/Pods-Point-And-Shoot-resources.sh\"\n";
			showEnvVarsInLog = 0;
		};
		61BFC6DB3CE60CFEB05EDF5B /* [CP] Copy Pods Resources */ = {
			isa = PBXShellScriptBuildPhase;
			buildActionMask = 2147483647;
			files = (
			);
			inputPaths = (
			);
			name = "[CP] Copy Pods Resources";
			outputPaths = (
			);
			runOnlyForDeploymentPostprocessing = 0;
			shellPath = /bin/sh;
			shellScript = "\"${SRCROOT}/Pods/Target Support Files/Pods-Point-And-ShootUITests/Pods-Point-And-ShootUITests-resources.sh\"\n";
			showEnvVarsInLog = 0;
		};
		7A9B2C7B204520E0DA96A2C9 /* [CP] Check Pods Manifest.lock */ = {
			isa = PBXShellScriptBuildPhase;
			buildActionMask = 2147483647;
			files = (
			);
			inputPaths = (
				"${PODS_PODFILE_DIR_PATH}/Podfile.lock",
				"${PODS_ROOT}/Manifest.lock",
			);
			name = "[CP] Check Pods Manifest.lock";
			outputPaths = (
				"$(DERIVED_FILE_DIR)/Pods-Point-And-ShootTests-checkManifestLockResult.txt",
			);
			runOnlyForDeploymentPostprocessing = 0;
			shellPath = /bin/sh;
			shellScript = "diff \"${PODS_PODFILE_DIR_PATH}/Podfile.lock\" \"${PODS_ROOT}/Manifest.lock\" > /dev/null\nif [ $? != 0 ] ; then\n    # print error to STDERR\n    echo \"error: The sandbox is not in sync with the Podfile.lock. Run 'pod install' or update your CocoaPods installation.\" >&2\n    exit 1\nfi\n# This output is used by Xcode 'outputs' to avoid re-running this script phase.\necho \"SUCCESS\" > \"${SCRIPT_OUTPUT_FILE_0}\"\n";
			showEnvVarsInLog = 0;
		};
		7FBDC968384D90C9AFF95C50 /* [CP] Copy Pods Resources */ = {
			isa = PBXShellScriptBuildPhase;
			buildActionMask = 2147483647;
			files = (
			);
			inputPaths = (
			);
			name = "[CP] Copy Pods Resources";
			outputPaths = (
			);
			runOnlyForDeploymentPostprocessing = 0;
			shellPath = /bin/sh;
			shellScript = "\"${SRCROOT}/Pods/Target Support Files/Pods-Point-And-ShootTests/Pods-Point-And-ShootTests-resources.sh\"\n";
			showEnvVarsInLog = 0;
		};
		AE9717E4989A34F905063C89 /* [CP] Embed Pods Frameworks */ = {
			isa = PBXShellScriptBuildPhase;
			buildActionMask = 2147483647;
			files = (
			);
			inputPaths = (
				"${SRCROOT}/Pods/Target Support Files/Pods-Point-And-Shoot/Pods-Point-And-Shoot-frameworks.sh",
				"${BUILT_PRODUCTS_DIR}/BoringSSL/openssl.framework",
				"${BUILT_PRODUCTS_DIR}/ChameleonFramework/ChameleonFramework.framework",
				"${BUILT_PRODUCTS_DIR}/GTMSessionFetcher/GTMSessionFetcher.framework",
				"${BUILT_PRODUCTS_DIR}/GoogleUtilities/GoogleUtilities.framework",
				"${BUILT_PRODUCTS_DIR}/Protobuf/Protobuf.framework",
				"${BUILT_PRODUCTS_DIR}/SVProgressHUD/SVProgressHUD.framework",
				"${BUILT_PRODUCTS_DIR}/gRPC/GRPCClient.framework",
				"${BUILT_PRODUCTS_DIR}/gRPC-C++/grpcpp.framework",
				"${BUILT_PRODUCTS_DIR}/gRPC-Core/grpc.framework",
				"${BUILT_PRODUCTS_DIR}/gRPC-ProtoRPC/ProtoRPC.framework",
				"${BUILT_PRODUCTS_DIR}/gRPC-RxLibrary/RxLibrary.framework",
				"${BUILT_PRODUCTS_DIR}/leveldb-library/leveldb.framework",
				"${BUILT_PRODUCTS_DIR}/nanopb/nanopb.framework",
			);
			name = "[CP] Embed Pods Frameworks";
			outputPaths = (
				"${TARGET_BUILD_DIR}/${FRAMEWORKS_FOLDER_PATH}/openssl.framework",
				"${TARGET_BUILD_DIR}/${FRAMEWORKS_FOLDER_PATH}/ChameleonFramework.framework",
				"${TARGET_BUILD_DIR}/${FRAMEWORKS_FOLDER_PATH}/GTMSessionFetcher.framework",
				"${TARGET_BUILD_DIR}/${FRAMEWORKS_FOLDER_PATH}/GoogleUtilities.framework",
				"${TARGET_BUILD_DIR}/${FRAMEWORKS_FOLDER_PATH}/Protobuf.framework",
				"${TARGET_BUILD_DIR}/${FRAMEWORKS_FOLDER_PATH}/SVProgressHUD.framework",
				"${TARGET_BUILD_DIR}/${FRAMEWORKS_FOLDER_PATH}/GRPCClient.framework",
				"${TARGET_BUILD_DIR}/${FRAMEWORKS_FOLDER_PATH}/grpcpp.framework",
				"${TARGET_BUILD_DIR}/${FRAMEWORKS_FOLDER_PATH}/grpc.framework",
				"${TARGET_BUILD_DIR}/${FRAMEWORKS_FOLDER_PATH}/ProtoRPC.framework",
				"${TARGET_BUILD_DIR}/${FRAMEWORKS_FOLDER_PATH}/RxLibrary.framework",
				"${TARGET_BUILD_DIR}/${FRAMEWORKS_FOLDER_PATH}/leveldb.framework",
				"${TARGET_BUILD_DIR}/${FRAMEWORKS_FOLDER_PATH}/nanopb.framework",
			);
			runOnlyForDeploymentPostprocessing = 0;
			shellPath = /bin/sh;
			shellScript = "\"${SRCROOT}/Pods/Target Support Files/Pods-Point-And-Shoot/Pods-Point-And-Shoot-frameworks.sh\"\n";
			showEnvVarsInLog = 0;
		};
		C66C7AF31F26F66BBC3D525D /* [CP] Embed Pods Frameworks */ = {
			isa = PBXShellScriptBuildPhase;
			buildActionMask = 2147483647;
			files = (
			);
			inputPaths = (
			);
			name = "[CP] Embed Pods Frameworks";
			outputPaths = (
			);
			runOnlyForDeploymentPostprocessing = 0;
			shellPath = /bin/sh;
			shellScript = "\"${SRCROOT}/Pods/Target Support Files/Pods-Point-And-ShootTests/Pods-Point-And-ShootTests-frameworks.sh\"\n";
			showEnvVarsInLog = 0;
		};
		DEBB07847009BFA12492E954 /* [CP] Check Pods Manifest.lock */ = {
			isa = PBXShellScriptBuildPhase;
			buildActionMask = 2147483647;
			files = (
			);
			inputPaths = (
				"${PODS_PODFILE_DIR_PATH}/Podfile.lock",
				"${PODS_ROOT}/Manifest.lock",
			);
			name = "[CP] Check Pods Manifest.lock";
			outputPaths = (
				"$(DERIVED_FILE_DIR)/Pods-Point-And-ShootUITests-checkManifestLockResult.txt",
			);
			runOnlyForDeploymentPostprocessing = 0;
			shellPath = /bin/sh;
			shellScript = "diff \"${PODS_PODFILE_DIR_PATH}/Podfile.lock\" \"${PODS_ROOT}/Manifest.lock\" > /dev/null\nif [ $? != 0 ] ; then\n    # print error to STDERR\n    echo \"error: The sandbox is not in sync with the Podfile.lock. Run 'pod install' or update your CocoaPods installation.\" >&2\n    exit 1\nfi\n# This output is used by Xcode 'outputs' to avoid re-running this script phase.\necho \"SUCCESS\" > \"${SCRIPT_OUTPUT_FILE_0}\"\n";
			showEnvVarsInLog = 0;
		};
/* End PBXShellScriptBuildPhase section */

/* Begin PBXSourcesBuildPhase section */
		9BAF7185219EE57100750EF3 /* Sources */ = {
			isa = PBXSourcesBuildPhase;
			buildActionMask = 2147483647;
			files = (
				9B7B03E921A782C1003A1CD4 /* Picture.swift in Sources */,
				9B09584521BE93360088B6EA /* ChoosingFilmVC.swift in Sources */,
				9BB3140C21CD32B500697960 /* HatchStyling.swift in Sources */,
				9BB3140821CD019500697960 /* ImageTools.swift in Sources */,
				9BAF718F219EE57100750EF3 /* CameraVC.swift in Sources */,
				9BB3140A21CD245100697960 /* RoundCornersWithBorder.swift in Sources */,
				9B7B03E721A782AD003A1CD4 /* Film.swift in Sources */,
				9BAF718D219EE57100750EF3 /* AppDelegate.swift in Sources */,
				9BF7DAC921C2A0E3005941F2 /* Constants.swift in Sources */,
			);
			runOnlyForDeploymentPostprocessing = 0;
		};
		9BAF7199219EE57700750EF3 /* Sources */ = {
			isa = PBXSourcesBuildPhase;
			buildActionMask = 2147483647;
			files = (
				9BAF71A2219EE57700750EF3 /* Point_And_ShootTests.swift in Sources */,
			);
			runOnlyForDeploymentPostprocessing = 0;
		};
		9BAF71A4219EE57800750EF3 /* Sources */ = {
			isa = PBXSourcesBuildPhase;
			buildActionMask = 2147483647;
			files = (
				9BAF71AD219EE57800750EF3 /* Point_And_ShootUITests.swift in Sources */,
			);
			runOnlyForDeploymentPostprocessing = 0;
		};
/* End PBXSourcesBuildPhase section */

/* Begin PBXTargetDependency section */
		9BAF719F219EE57700750EF3 /* PBXTargetDependency */ = {
			isa = PBXTargetDependency;
			target = 9BAF7188219EE57100750EF3 /* Point-And-Shoot */;
			targetProxy = 9BAF719E219EE57700750EF3 /* PBXContainerItemProxy */;
		};
		9BAF71AA219EE57800750EF3 /* PBXTargetDependency */ = {
			isa = PBXTargetDependency;
			target = 9BAF7188219EE57100750EF3 /* Point-And-Shoot */;
			targetProxy = 9BAF71A9219EE57800750EF3 /* PBXContainerItemProxy */;
		};
/* End PBXTargetDependency section */

/* Begin PBXVariantGroup section */
		9BAF7190219EE57100750EF3 /* Main.storyboard */ = {
			isa = PBXVariantGroup;
			children = (
				9BAF7191219EE57100750EF3 /* Base */,
			);
			name = Main.storyboard;
			sourceTree = "<group>";
		};
		9BAF7195219EE57700750EF3 /* LaunchScreen.storyboard */ = {
			isa = PBXVariantGroup;
			children = (
				9BAF7196219EE57700750EF3 /* Base */,
			);
			name = LaunchScreen.storyboard;
			sourceTree = "<group>";
		};
/* End PBXVariantGroup section */

/* Begin XCBuildConfiguration section */
		9BAF71AF219EE57800750EF3 /* Debug */ = {
			isa = XCBuildConfiguration;
			buildSettings = {
				ALWAYS_SEARCH_USER_PATHS = NO;
				CLANG_ANALYZER_NONNULL = YES;
				CLANG_ANALYZER_NUMBER_OBJECT_CONVERSION = YES_AGGRESSIVE;
				CLANG_CXX_LANGUAGE_STANDARD = "gnu++14";
				CLANG_CXX_LIBRARY = "libc++";
				CLANG_ENABLE_MODULES = YES;
				CLANG_ENABLE_OBJC_ARC = YES;
				CLANG_ENABLE_OBJC_WEAK = YES;
				CLANG_WARN_BLOCK_CAPTURE_AUTORELEASING = YES;
				CLANG_WARN_BOOL_CONVERSION = YES;
				CLANG_WARN_COMMA = YES;
				CLANG_WARN_CONSTANT_CONVERSION = YES;
				CLANG_WARN_DEPRECATED_OBJC_IMPLEMENTATIONS = YES;
				CLANG_WARN_DIRECT_OBJC_ISA_USAGE = YES_ERROR;
				CLANG_WARN_DOCUMENTATION_COMMENTS = YES;
				CLANG_WARN_EMPTY_BODY = YES;
				CLANG_WARN_ENUM_CONVERSION = YES;
				CLANG_WARN_INFINITE_RECURSION = YES;
				CLANG_WARN_INT_CONVERSION = YES;
				CLANG_WARN_NON_LITERAL_NULL_CONVERSION = YES;
				CLANG_WARN_OBJC_IMPLICIT_RETAIN_SELF = YES;
				CLANG_WARN_OBJC_LITERAL_CONVERSION = YES;
				CLANG_WARN_OBJC_ROOT_CLASS = YES_ERROR;
				CLANG_WARN_RANGE_LOOP_ANALYSIS = YES;
				CLANG_WARN_STRICT_PROTOTYPES = YES;
				CLANG_WARN_SUSPICIOUS_MOVE = YES;
				CLANG_WARN_UNGUARDED_AVAILABILITY = YES_AGGRESSIVE;
				CLANG_WARN_UNREACHABLE_CODE = YES;
				CLANG_WARN__DUPLICATE_METHOD_MATCH = YES;
				CODE_SIGN_IDENTITY = "iPhone Developer";
				COPY_PHASE_STRIP = NO;
				DEBUG_INFORMATION_FORMAT = dwarf;
				ENABLE_STRICT_OBJC_MSGSEND = YES;
				ENABLE_TESTABILITY = YES;
				GCC_C_LANGUAGE_STANDARD = gnu11;
				GCC_DYNAMIC_NO_PIC = NO;
				GCC_NO_COMMON_BLOCKS = YES;
				GCC_OPTIMIZATION_LEVEL = 0;
				GCC_PREPROCESSOR_DEFINITIONS = (
					"DEBUG=1",
					"$(inherited)",
				);
				GCC_WARN_64_TO_32_BIT_CONVERSION = YES;
				GCC_WARN_ABOUT_RETURN_TYPE = YES_ERROR;
				GCC_WARN_UNDECLARED_SELECTOR = YES;
				GCC_WARN_UNINITIALIZED_AUTOS = YES_AGGRESSIVE;
				GCC_WARN_UNUSED_FUNCTION = YES;
				GCC_WARN_UNUSED_VARIABLE = YES;
				IPHONEOS_DEPLOYMENT_TARGET = 10.3;
				MTL_ENABLE_DEBUG_INFO = INCLUDE_SOURCE;
				MTL_FAST_MATH = YES;
				ONLY_ACTIVE_ARCH = YES;
				SDKROOT = iphoneos;
				SWIFT_ACTIVE_COMPILATION_CONDITIONS = DEBUG;
				SWIFT_OPTIMIZATION_LEVEL = "-Onone";
			};
			name = Debug;
		};
		9BAF71B0219EE57800750EF3 /* Release */ = {
			isa = XCBuildConfiguration;
			buildSettings = {
				ALWAYS_SEARCH_USER_PATHS = NO;
				CLANG_ANALYZER_NONNULL = YES;
				CLANG_ANALYZER_NUMBER_OBJECT_CONVERSION = YES_AGGRESSIVE;
				CLANG_CXX_LANGUAGE_STANDARD = "gnu++14";
				CLANG_CXX_LIBRARY = "libc++";
				CLANG_ENABLE_MODULES = YES;
				CLANG_ENABLE_OBJC_ARC = YES;
				CLANG_ENABLE_OBJC_WEAK = YES;
				CLANG_WARN_BLOCK_CAPTURE_AUTORELEASING = YES;
				CLANG_WARN_BOOL_CONVERSION = YES;
				CLANG_WARN_COMMA = YES;
				CLANG_WARN_CONSTANT_CONVERSION = YES;
				CLANG_WARN_DEPRECATED_OBJC_IMPLEMENTATIONS = YES;
				CLANG_WARN_DIRECT_OBJC_ISA_USAGE = YES_ERROR;
				CLANG_WARN_DOCUMENTATION_COMMENTS = YES;
				CLANG_WARN_EMPTY_BODY = YES;
				CLANG_WARN_ENUM_CONVERSION = YES;
				CLANG_WARN_INFINITE_RECURSION = YES;
				CLANG_WARN_INT_CONVERSION = YES;
				CLANG_WARN_NON_LITERAL_NULL_CONVERSION = YES;
				CLANG_WARN_OBJC_IMPLICIT_RETAIN_SELF = YES;
				CLANG_WARN_OBJC_LITERAL_CONVERSION = YES;
				CLANG_WARN_OBJC_ROOT_CLASS = YES_ERROR;
				CLANG_WARN_RANGE_LOOP_ANALYSIS = YES;
				CLANG_WARN_STRICT_PROTOTYPES = YES;
				CLANG_WARN_SUSPICIOUS_MOVE = YES;
				CLANG_WARN_UNGUARDED_AVAILABILITY = YES_AGGRESSIVE;
				CLANG_WARN_UNREACHABLE_CODE = YES;
				CLANG_WARN__DUPLICATE_METHOD_MATCH = YES;
				CODE_SIGN_IDENTITY = "iPhone Developer";
				COPY_PHASE_STRIP = NO;
				DEBUG_INFORMATION_FORMAT = "dwarf-with-dsym";
				ENABLE_NS_ASSERTIONS = NO;
				ENABLE_STRICT_OBJC_MSGSEND = YES;
				GCC_C_LANGUAGE_STANDARD = gnu11;
				GCC_NO_COMMON_BLOCKS = YES;
				GCC_WARN_64_TO_32_BIT_CONVERSION = YES;
				GCC_WARN_ABOUT_RETURN_TYPE = YES_ERROR;
				GCC_WARN_UNDECLARED_SELECTOR = YES;
				GCC_WARN_UNINITIALIZED_AUTOS = YES_AGGRESSIVE;
				GCC_WARN_UNUSED_FUNCTION = YES;
				GCC_WARN_UNUSED_VARIABLE = YES;
				IPHONEOS_DEPLOYMENT_TARGET = 10.3;
				MTL_ENABLE_DEBUG_INFO = NO;
				MTL_FAST_MATH = YES;
				SDKROOT = iphoneos;
				SWIFT_COMPILATION_MODE = wholemodule;
				SWIFT_OPTIMIZATION_LEVEL = "-O";
				VALIDATE_PRODUCT = YES;
			};
			name = Release;
		};
		9BAF71B2219EE57800750EF3 /* Debug */ = {
			isa = XCBuildConfiguration;
			baseConfigurationReference = D071CBFC98481CD9D8CD4F70 /* Pods-Point-And-Shoot.debug.xcconfig */;
			buildSettings = {
				ASSETCATALOG_COMPILER_APPICON_NAME = AppIcon;
				CODE_SIGN_STYLE = Automatic;
				DEVELOPMENT_TEAM = XJTZD7F823;
				INFOPLIST_FILE = "Point-And-Shoot/Info.plist";
				LD_RUNPATH_SEARCH_PATHS = (
					"$(inherited)",
					"@executable_path/Frameworks",
				);
				PRODUCT_BUNDLE_IDENTIFIER = "se.erikhede.ma17.Point-And-Shoot";
				PRODUCT_NAME = "$(TARGET_NAME)";
				SWIFT_VERSION = 4.2;
				TARGETED_DEVICE_FAMILY = "1,2";
			};
			name = Debug;
		};
		9BAF71B3219EE57800750EF3 /* Release */ = {
			isa = XCBuildConfiguration;
			baseConfigurationReference = BFD2B18A16FF647FCA2FCC0D /* Pods-Point-And-Shoot.release.xcconfig */;
			buildSettings = {
				ASSETCATALOG_COMPILER_APPICON_NAME = AppIcon;
				CODE_SIGN_STYLE = Automatic;
				DEVELOPMENT_TEAM = XJTZD7F823;
				INFOPLIST_FILE = "Point-And-Shoot/Info.plist";
				LD_RUNPATH_SEARCH_PATHS = (
					"$(inherited)",
					"@executable_path/Frameworks",
				);
				PRODUCT_BUNDLE_IDENTIFIER = "se.erikhede.ma17.Point-And-Shoot";
				PRODUCT_NAME = "$(TARGET_NAME)";
				SWIFT_VERSION = 4.2;
				TARGETED_DEVICE_FAMILY = "1,2";
			};
			name = Release;
		};
		9BAF71B5219EE57800750EF3 /* Debug */ = {
			isa = XCBuildConfiguration;
			baseConfigurationReference = 82EA0BF4218AB6FED32430A6 /* Pods-Point-And-ShootTests.debug.xcconfig */;
			buildSettings = {
				ALWAYS_EMBED_SWIFT_STANDARD_LIBRARIES = YES;
				BUNDLE_LOADER = "$(TEST_HOST)";
				CODE_SIGN_STYLE = Automatic;
				DEVELOPMENT_TEAM = XJTZD7F823;
				INFOPLIST_FILE = "Point-And-ShootTests/Info.plist";
				LD_RUNPATH_SEARCH_PATHS = (
					"$(inherited)",
					"@executable_path/Frameworks",
					"@loader_path/Frameworks",
				);
				PRODUCT_BUNDLE_IDENTIFIER = "se.erikhede.ma17.Point-And-ShootTests";
				PRODUCT_NAME = "$(TARGET_NAME)";
				SWIFT_VERSION = 4.2;
				TARGETED_DEVICE_FAMILY = "1,2";
				TEST_HOST = "$(BUILT_PRODUCTS_DIR)/Point-And-Shoot.app/Point-And-Shoot";
			};
			name = Debug;
		};
		9BAF71B6219EE57800750EF3 /* Release */ = {
			isa = XCBuildConfiguration;
			baseConfigurationReference = 71ABB8A5B0F830A232FC17E3 /* Pods-Point-And-ShootTests.release.xcconfig */;
			buildSettings = {
				ALWAYS_EMBED_SWIFT_STANDARD_LIBRARIES = YES;
				BUNDLE_LOADER = "$(TEST_HOST)";
				CODE_SIGN_STYLE = Automatic;
				DEVELOPMENT_TEAM = XJTZD7F823;
				INFOPLIST_FILE = "Point-And-ShootTests/Info.plist";
				LD_RUNPATH_SEARCH_PATHS = (
					"$(inherited)",
					"@executable_path/Frameworks",
					"@loader_path/Frameworks",
				);
				PRODUCT_BUNDLE_IDENTIFIER = "se.erikhede.ma17.Point-And-ShootTests";
				PRODUCT_NAME = "$(TARGET_NAME)";
				SWIFT_VERSION = 4.2;
				TARGETED_DEVICE_FAMILY = "1,2";
				TEST_HOST = "$(BUILT_PRODUCTS_DIR)/Point-And-Shoot.app/Point-And-Shoot";
			};
			name = Release;
		};
		9BAF71B8219EE57800750EF3 /* Debug */ = {
			isa = XCBuildConfiguration;
			baseConfigurationReference = B83EE5FC721D6F2E41FB9530 /* Pods-Point-And-ShootUITests.debug.xcconfig */;
			buildSettings = {
				ALWAYS_EMBED_SWIFT_STANDARD_LIBRARIES = YES;
				CODE_SIGN_STYLE = Automatic;
				DEVELOPMENT_TEAM = XJTZD7F823;
				INFOPLIST_FILE = "Point-And-ShootUITests/Info.plist";
				LD_RUNPATH_SEARCH_PATHS = (
					"$(inherited)",
					"@executable_path/Frameworks",
					"@loader_path/Frameworks",
				);
				PRODUCT_BUNDLE_IDENTIFIER = "se.erikhede.ma17.Point-And-ShootUITests";
				PRODUCT_NAME = "$(TARGET_NAME)";
				SWIFT_VERSION = 4.2;
				TARGETED_DEVICE_FAMILY = "1,2";
				TEST_TARGET_NAME = "Point-And-Shoot";
			};
			name = Debug;
		};
		9BAF71B9219EE57800750EF3 /* Release */ = {
			isa = XCBuildConfiguration;
			baseConfigurationReference = 6F4253C34361E75237868798 /* Pods-Point-And-ShootUITests.release.xcconfig */;
			buildSettings = {
				ALWAYS_EMBED_SWIFT_STANDARD_LIBRARIES = YES;
				CODE_SIGN_STYLE = Automatic;
				DEVELOPMENT_TEAM = XJTZD7F823;
				INFOPLIST_FILE = "Point-And-ShootUITests/Info.plist";
				LD_RUNPATH_SEARCH_PATHS = (
					"$(inherited)",
					"@executable_path/Frameworks",
					"@loader_path/Frameworks",
				);
				PRODUCT_BUNDLE_IDENTIFIER = "se.erikhede.ma17.Point-And-ShootUITests";
				PRODUCT_NAME = "$(TARGET_NAME)";
				SWIFT_VERSION = 4.2;
				TARGETED_DEVICE_FAMILY = "1,2";
				TEST_TARGET_NAME = "Point-And-Shoot";
			};
			name = Release;
		};
/* End XCBuildConfiguration section */

/* Begin XCConfigurationList section */
		9BAF7184219EE57100750EF3 /* Build configuration list for PBXProject "Point-And-Shoot" */ = {
			isa = XCConfigurationList;
			buildConfigurations = (
				9BAF71AF219EE57800750EF3 /* Debug */,
				9BAF71B0219EE57800750EF3 /* Release */,
			);
			defaultConfigurationIsVisible = 0;
			defaultConfigurationName = Release;
		};
		9BAF71B1219EE57800750EF3 /* Build configuration list for PBXNativeTarget "Point-And-Shoot" */ = {
			isa = XCConfigurationList;
			buildConfigurations = (
				9BAF71B2219EE57800750EF3 /* Debug */,
				9BAF71B3219EE57800750EF3 /* Release */,
			);
			defaultConfigurationIsVisible = 0;
			defaultConfigurationName = Release;
		};
		9BAF71B4219EE57800750EF3 /* Build configuration list for PBXNativeTarget "Point-And-ShootTests" */ = {
			isa = XCConfigurationList;
			buildConfigurations = (
				9BAF71B5219EE57800750EF3 /* Debug */,
				9BAF71B6219EE57800750EF3 /* Release */,
			);
			defaultConfigurationIsVisible = 0;
			defaultConfigurationName = Release;
		};
		9BAF71B7219EE57800750EF3 /* Build configuration list for PBXNativeTarget "Point-And-ShootUITests" */ = {
			isa = XCConfigurationList;
			buildConfigurations = (
				9BAF71B8219EE57800750EF3 /* Debug */,
				9BAF71B9219EE57800750EF3 /* Release */,
			);
			defaultConfigurationIsVisible = 0;
			defaultConfigurationName = Release;
		};
/* End XCConfigurationList section */
	};
	rootObject = 9BAF7181219EE57100750EF3 /* Project object */;
}
